
Microsoft Visual Studio Solution File, Format Version 11.00
# Visual Studio 2010
Project("{2150E333-8FDC-42A3-9474-1A3956D46DE8}") = "Assemblies", "Assemblies", "{15436CA2-A29D-4762-98D9-9E2A5C9CB3E7}"
EndProject
Project("{2150E333-8FDC-42A3-9474-1A3956D46DE8}") = "GalaSoft.MvvmLight (NET4)", "GalaSoft.MvvmLight (NET4)", "{7F583FEA-7833-477B-AF8D-7D308FC829BC}"
EndProject
Project("{2150E333-8FDC-42A3-9474-1A3956D46DE8}") = "GalaSoft.MvvmLight", "GalaSoft.MvvmLight", "{2E5D68ED-A92D-4816-BFBF-35795AE39E34}"
EndProject
Project("{2150E333-8FDC-42A3-9474-1A3956D46DE8}") = "GalaSoft.MvvmLight (NET35)", "GalaSoft.MvvmLight (NET35)", "{EC145571-3ACB-4CA5-9F54-C6A17BE00370}"
EndProject
Project("{2150E333-8FDC-42A3-9474-1A3956D46DE8}") = "GalaSoft.MvvmLight (SL3)", "GalaSoft.MvvmLight (SL3)", "{A6CB6254-3CD9-4B9D-AD23-5DDB98198379}"
EndProject
Project("{2150E333-8FDC-42A3-9474-1A3956D46DE8}") = "GalaSoft.MvvmLight (SL4)", "GalaSoft.MvvmLight (SL4)", "{03EE4CFF-36B2-44A4-A1DB-04142B390DA4}"
EndProject
Project("{2150E333-8FDC-42A3-9474-1A3956D46DE8}") = "GalaSoft.MvvmLight.Extras (NET4)", "GalaSoft.MvvmLight.Extras (NET4)", "{3D45816B-642B-4AF2-9777-C1603455AB83}"
EndProject
Project("{2150E333-8FDC-42A3-9474-1A3956D46DE8}") = "GalaSoft.MvvmLight.Extras (NET35)", "GalaSoft.MvvmLight.Extras (NET35)", "{344EEF81-1637-4673-819F-7ED5EB46BD69}"
EndProject
Project("{2150E333-8FDC-42A3-9474-1A3956D46DE8}") = "GalaSoft.MvvmLight.Extras (SL3)", "GalaSoft.MvvmLight.Extras (SL3)", "{FA6CD1FE-CB3C-42EB-8818-829FFB6C698B}"
EndProject
Project("{2150E333-8FDC-42A3-9474-1A3956D46DE8}") = "GalaSoft.MvvmLight.Extras (SL4)", "GalaSoft.MvvmLight.Extras (SL4)", "{A84230B5-0D1A-43EF-90A4-EC514F01C42E}"
EndProject
Project("{2150E333-8FDC-42A3-9474-1A3956D46DE8}") = "External", "External", "{7C336D97-ED3E-4CD6-AC90-053F3E5D5077}"
EndProject
Project("{2150E333-8FDC-42A3-9474-1A3956D46DE8}") = "NET35", "NET35", "{35C36D1E-8B03-4E77-B0C7-883BFC1A980D}"
	ProjectSection(SolutionItems) = preProject
		Assemblies\GalaSoft.MvvmLight\External\NET35\System.Windows.Interactivity.dll = Assemblies\GalaSoft.MvvmLight\External\NET35\System.Windows.Interactivity.dll
	EndProjectSection
EndProject
Project("{2150E333-8FDC-42A3-9474-1A3956D46DE8}") = "NET4", "NET4", "{44CA933F-0A1B-4AFE-9B12-A416611251A8}"
	ProjectSection(SolutionItems) = preProject
		Assemblies\GalaSoft.MvvmLight\External\NET4\System.Windows.Interactivity.dll = Assemblies\GalaSoft.MvvmLight\External\NET4\System.Windows.Interactivity.dll
	EndProjectSection
EndProject
Project("{2150E333-8FDC-42A3-9474-1A3956D46DE8}") = "SL3", "SL3", "{7A6E22BE-C12E-415F-A690-E0F244F5777F}"
	ProjectSection(SolutionItems) = preProject
		Assemblies\GalaSoft.MvvmLight\External\SL3\Microsoft.Silverlight.Testing.dll = Assemblies\GalaSoft.MvvmLight\External\SL3\Microsoft.Silverlight.Testing.dll
		Assemblies\GalaSoft.MvvmLight\External\SL3\Microsoft.VisualStudio.QualityTools.UnitTesting.Silverlight.dll = Assemblies\GalaSoft.MvvmLight\External\SL3\Microsoft.VisualStudio.QualityTools.UnitTesting.Silverlight.dll
		Assemblies\GalaSoft.MvvmLight\External\SL3\System.Windows.Interactivity.dll = Assemblies\GalaSoft.MvvmLight\External\SL3\System.Windows.Interactivity.dll
	EndProjectSection
EndProject
Project("{2150E333-8FDC-42A3-9474-1A3956D46DE8}") = "SL4", "SL4", "{8DD28C84-8036-4DF2-BBF4-09A20739F4ED}"
	ProjectSection(SolutionItems) = preProject
		Assemblies\GalaSoft.MvvmLight\External\SL4\Microsoft.Silverlight.Testing.dll = Assemblies\GalaSoft.MvvmLight\External\SL4\Microsoft.Silverlight.Testing.dll
		Assemblies\GalaSoft.MvvmLight\External\SL4\Microsoft.VisualStudio.QualityTools.UnitTesting.Silverlight.dll = Assemblies\GalaSoft.MvvmLight\External\SL4\Microsoft.VisualStudio.QualityTools.UnitTesting.Silverlight.dll
		Assemblies\GalaSoft.MvvmLight\External\SL4\System.Windows.Interactivity.dll = Assemblies\GalaSoft.MvvmLight\External\SL4\System.Windows.Interactivity.dll
	EndProjectSection
EndProject
Project("{FAE04EC0-301F-11D3-BF4B-00C04F79EFBC}") = "GalaSoft.MvvmLight (NET4)", "Assemblies\GalaSoft.MvvmLight\GalaSoft.MvvmLight (NET4)\GalaSoft.MvvmLight (NET4).csproj", "{E8EF2656-7165-42D1-9C46-63E66679808D}"
EndProject
Project("{FAE04EC0-301F-11D3-BF4B-00C04F79EFBC}") = "GalaSoft.MvvmLight (NET35)", "Assemblies\GalaSoft.MvvmLight\GalaSoft.MvvmLight (NET35)\GalaSoft.MvvmLight (NET35).csproj", "{ADB28C09-8DE9-4006-80D5-74856EB4A48B}"
EndProject
Project("{FAE04EC0-301F-11D3-BF4B-00C04F79EFBC}") = "GalaSoft.MvvmLight (SL3)", "Assemblies\GalaSoft.MvvmLight\GalaSoft.MvvmLight (SL3)\GalaSoft.MvvmLight (SL3).csproj", "{74712BA6-83BE-470C-9ED0-879DD1B08D9E}"
EndProject
Project("{FAE04EC0-301F-11D3-BF4B-00C04F79EFBC}") = "GalaSoft.MvvmLight (SL4)", "Assemblies\GalaSoft.MvvmLight\GalaSoft.MvvmLight (SL4)\GalaSoft.MvvmLight (SL4).csproj", "{11A41BAF-44C7-4F4E-9E7C-B9427414AEA6}"
EndProject
Project("{FAE04EC0-301F-11D3-BF4B-00C04F79EFBC}") = "GalaSoft.MvvmLight.Extras (NET35)", "Assemblies\GalaSoft.MvvmLight\GalaSoft.MvvmLight.Extras (NET35)\GalaSoft.MvvmLight.Extras (NET35).csproj", "{78EECC01-BAE7-4914-BE2D-6BAB1059F29B}"
EndProject
Project("{FAE04EC0-301F-11D3-BF4B-00C04F79EFBC}") = "GalaSoft.MvvmLight.Extras (NET4)", "Assemblies\GalaSoft.MvvmLight\GalaSoft.MvvmLight.Extras (NET4)\GalaSoft.MvvmLight.Extras (NET4).csproj", "{4934C525-4BC4-400C-B5C8-E5B6CF7CBF7A}"
EndProject
Project("{FAE04EC0-301F-11D3-BF4B-00C04F79EFBC}") = "GalaSoft.MvvmLight.Extras (SL3)", "Assemblies\GalaSoft.MvvmLight\GalaSoft.MvvmLight.Extras (SL3)\GalaSoft.MvvmLight.Extras (SL3).csproj", "{8ABB3CDF-47C4-468E-9C8A-56491C5F1C7D}"
EndProject
Project("{FAE04EC0-301F-11D3-BF4B-00C04F79EFBC}") = "GalaSoft.MvvmLight.Extras (SL4)", "Assemblies\GalaSoft.MvvmLight\GalaSoft.MvvmLight.Extras (SL4)\GalaSoft.MvvmLight.Extras (SL4).csproj", "{CC59E77A-1843-4293-B7CC-1BC84F79ABB7}"
EndProject
Project("{FAE04EC0-301F-11D3-BF4B-00C04F79EFBC}") = "MvvmLightCommand.SL", "MvvmLightCommand.SL\MvvmLightCommand.SL.csproj", "{82B02BA4-41EC-45EF-8F2A-08B7234A94B3}"
EndProject
Project("{FAE04EC0-301F-11D3-BF4B-00C04F79EFBC}") = "MvvmlightCommand.WPF4", "MvvmLightCommand.WPF4\MvvmlightCommand.WPF4.csproj", "{C4F2AB9D-B6C3-433F-A67D-A66243A82F77}"
EndProject
Global
	GlobalSection(SolutionConfigurationPlatforms) = preSolution
		Debug|Any CPU = Debug|Any CPU
		Debug|Mixed Platforms = Debug|Mixed Platforms
		Debug|x86 = Debug|x86
		Release|Any CPU = Release|Any CPU
		Release|Mixed Platforms = Release|Mixed Platforms
		Release|x86 = Release|x86
	EndGlobalSection
	GlobalSection(ProjectConfigurationPlatforms) = postSolution
		{E8EF2656-7165-42D1-9C46-63E66679808D}.Debug|Any CPU.ActiveCfg = Debug|Any CPU
		{E8EF2656-7165-42D1-9C46-63E66679808D}.Debug|Any CPU.Build.0 = Debug|Any CPU
		{E8EF2656-7165-42D1-9C46-63E66679808D}.Debug|Mixed Platforms.ActiveCfg = Debug|Any CPU
		{E8EF2656-7165-42D1-9C46-63E66679808D}.Debug|Mixed Platforms.Build.0 = Debug|Any CPU
		{E8EF2656-7165-42D1-9C46-63E66679808D}.Debug|x86.ActiveCfg = Debug|Any CPU
		{E8EF2656-7165-42D1-9C46-63E66679808D}.Release|Any CPU.ActiveCfg = Release|Any CPU
		{E8EF2656-7165-42D1-9C46-63E66679808D}.Release|Any CPU.Build.0 = Release|Any CPU
		{E8EF2656-7165-42D1-9C46-63E66679808D}.Release|Mixed Platforms.ActiveCfg = Release|Any CPU
		{E8EF2656-7165-42D1-9C46-63E66679808D}.Release|Mixed Platforms.Build.0 = Release|Any CPU
		{E8EF2656-7165-42D1-9C46-63E66679808D}.Release|x86.ActiveCfg = Release|Any CPU
		{ADB28C09-8DE9-4006-80D5-74856EB4A48B}.Debug|Any CPU.ActiveCfg = Debug|Any CPU
		{ADB28C09-8DE9-4006-80D5-74856EB4A48B}.Debug|Any CPU.Build.0 = Debug|Any CPU
		{ADB28C09-8DE9-4006-80D5-74856EB4A48B}.Debug|Mixed Platforms.ActiveCfg = Debug|Any CPU
		{ADB28C09-8DE9-4006-80D5-74856EB4A48B}.Debug|Mixed Platforms.Build.0 = Debug|Any CPU
		{ADB28C09-8DE9-4006-80D5-74856EB4A48B}.Debug|x86.ActiveCfg = Debug|Any CPU
		{ADB28C09-8DE9-4006-80D5-74856EB4A48B}.Release|Any CPU.ActiveCfg = Release|Any CPU
		{ADB28C09-8DE9-4006-80D5-74856EB4A48B}.Release|Any CPU.Build.0 = Release|Any CPU
		{ADB28C09-8DE9-4006-80D5-74856EB4A48B}.Release|Mixed Platforms.ActiveCfg = Release|Any CPU
		{ADB28C09-8DE9-4006-80D5-74856EB4A48B}.Release|Mixed Platforms.Build.0 = Release|Any CPU
		{ADB28C09-8DE9-4006-80D5-74856EB4A48B}.Release|x86.ActiveCfg = Release|Any CPU
		{74712BA6-83BE-470C-9ED0-879DD1B08D9E}.Debug|Any CPU.ActiveCfg = Debug|Any CPU
		{74712BA6-83BE-470C-9ED0-879DD1B08D9E}.Debug|Any CPU.Build.0 = Debug|Any CPU
		{74712BA6-83BE-470C-9ED0-879DD1B08D9E}.Debug|Mixed Platforms.ActiveCfg = Debug|Any CPU
		{74712BA6-83BE-470C-9ED0-879DD1B08D9E}.Debug|Mixed Platforms.Build.0 = Debug|Any CPU
		{74712BA6-83BE-470C-9ED0-879DD1B08D9E}.Debug|x86.ActiveCfg = Debug|Any CPU
		{74712BA6-83BE-470C-9ED0-879DD1B08D9E}.Release|Any CPU.ActiveCfg = Release|Any CPU
		{74712BA6-83BE-470C-9ED0-879DD1B08D9E}.Release|Any CPU.Build.0 = Release|Any CPU
		{74712BA6-83BE-470C-9ED0-879DD1B08D9E}.Release|Mixed Platforms.ActiveCfg = Release|Any CPU
		{74712BA6-83BE-470C-9ED0-879DD1B08D9E}.Release|Mixed Platforms.Build.0 = Release|Any CPU
		{74712BA6-83BE-470C-9ED0-879DD1B08D9E}.Release|x86.ActiveCfg = Release|Any CPU
		{11A41BAF-44C7-4F4E-9E7C-B9427414AEA6}.Debug|Any CPU.ActiveCfg = Debug|Any CPU
		{11A41BAF-44C7-4F4E-9E7C-B9427414AEA6}.Debug|Any CPU.Build.0 = Debug|Any CPU
		{11A41BAF-44C7-4F4E-9E7C-B9427414AEA6}.Debug|Mixed Platforms.ActiveCfg = Debug|Any CPU
		{11A41BAF-44C7-4F4E-9E7C-B9427414AEA6}.Debug|Mixed Platforms.Build.0 = Debug|Any CPU
		{11A41BAF-44C7-4F4E-9E7C-B9427414AEA6}.Debug|x86.ActiveCfg = Debug|Any CPU
		{11A41BAF-44C7-4F4E-9E7C-B9427414AEA6}.Release|Any CPU.ActiveCfg = Release|Any CPU
		{11A41BAF-44C7-4F4E-9E7C-B9427414AEA6}.Release|Any CPU.Build.0 = Release|Any CPU
		{11A41BAF-44C7-4F4E-9E7C-B9427414AEA6}.Release|Mixed Platforms.ActiveCfg = Release|Any CPU
		{11A41BAF-44C7-4F4E-9E7C-B9427414AEA6}.Release|Mixed Platforms.Build.0 = Release|Any CPU
		{11A41BAF-44C7-4F4E-9E7C-B9427414AEA6}.Release|x86.ActiveCfg = Release|Any CPU
		{78EECC01-BAE7-4914-BE2D-6BAB1059F29B}.Debug|Any CPU.ActiveCfg = Debug|Any CPU
		{78EECC01-BAE7-4914-BE2D-6BAB1059F29B}.Debug|Any CPU.Build.0 = Debug|Any CPU
		{78EECC01-BAE7-4914-BE2D-6BAB1059F29B}.Debug|Mixed Platforms.ActiveCfg = Debug|Any CPU
		{78EECC01-BAE7-4914-BE2D-6BAB1059F29B}.Debug|Mixed Platforms.Build.0 = Debug|Any CPU
		{78EECC01-BAE7-4914-BE2D-6BAB1059F29B}.Debug|x86.ActiveCfg = Debug|Any CPU
		{78EECC01-BAE7-4914-BE2D-6BAB1059F29B}.Release|Any CPU.ActiveCfg = Release|Any CPU
		{78EECC01-BAE7-4914-BE2D-6BAB1059F29B}.Release|Any CPU.Build.0 = Release|Any CPU
		{78EECC01-BAE7-4914-BE2D-6BAB1059F29B}.Release|Mixed Platforms.ActiveCfg = Release|Any CPU
		{78EECC01-BAE7-4914-BE2D-6BAB1059F29B}.Release|Mixed Platforms.Build.0 = Release|Any CPU
		{78EECC01-BAE7-4914-BE2D-6BAB1059F29B}.Release|x86.ActiveCfg = Release|Any CPU
		{4934C525-4BC4-400C-B5C8-E5B6CF7CBF7A}.Debug|Any CPU.ActiveCfg = Debug|Any CPU
		{4934C525-4BC4-400C-B5C8-E5B6CF7CBF7A}.Debug|Any CPU.Build.0 = Debug|Any CPU
		{4934C525-4BC4-400C-B5C8-E5B6CF7CBF7A}.Debug|Mixed Platforms.ActiveCfg = Debug|Any CPU
		{4934C525-4BC4-400C-B5C8-E5B6CF7CBF7A}.Debug|Mixed Platforms.Build.0 = Debug|Any CPU
		{4934C525-4BC4-400C-B5C8-E5B6CF7CBF7A}.Debug|x86.ActiveCfg = Debug|Any CPU
		{4934C525-4BC4-400C-B5C8-E5B6CF7CBF7A}.Release|Any CPU.ActiveCfg = Release|Any CPU
		{4934C525-4BC4-400C-B5C8-E5B6CF7CBF7A}.Release|Any CPU.Build.0 = Release|Any CPU
		{4934C525-4BC4-400C-B5C8-E5B6CF7CBF7A}.Release|Mixed Platforms.ActiveCfg = Release|Any CPU
		{4934C525-4BC4-400C-B5C8-E5B6CF7CBF7A}.Release|Mixed Platforms.Build.0 = Release|Any CPU
		{4934C525-4BC4-400C-B5C8-E5B6CF7CBF7A}.Release|x86.ActiveCfg = Release|Any CPU
		{8ABB3CDF-47C4-468E-9C8A-56491C5F1C7D}.Debug|Any CPU.ActiveCfg = Debug|Any CPU
		{8ABB3CDF-47C4-468E-9C8A-56491C5F1C7D}.Debug|Any CPU.Build.0 = Debug|Any CPU
		{8ABB3CDF-47C4-468E-9C8A-56491C5F1C7D}.Debug|Mixed Platforms.ActiveCfg = Debug|Any CPU
		{8ABB3CDF-47C4-468E-9C8A-56491C5F1C7D}.Debug|Mixed Platforms.Build.0 = Debug|Any CPU
		{8ABB3CDF-47C4-468E-9C8A-56491C5F1C7D}.Debug|x86.ActiveCfg = Debug|Any CPU
		{8ABB3CDF-47C4-468E-9C8A-56491C5F1C7D}.Release|Any CPU.ActiveCfg = Release|Any CPU
		{8ABB3CDF-47C4-468E-9C8A-56491C5F1C7D}.Release|Any CPU.Build.0 = Release|Any CPU
		{8ABB3CDF-47C4-468E-9C8A-56491C5F1C7D}.Release|Mixed Platforms.ActiveCfg = Release|Any CPU
		{8ABB3CDF-47C4-468E-9C8A-56491C5F1C7D}.Release|Mixed Platforms.Build.0 = Release|Any CPU
		{8ABB3CDF-47C4-468E-9C8A-56491C5F1C7D}.Release|x86.ActiveCfg = Release|Any CPU
		{CC59E77A-1843-4293-B7CC-1BC84F79ABB7}.Debug|Any CPU.ActiveCfg = Debug|Any CPU
		{CC59E77A-1843-4293-B7CC-1BC84F79ABB7}.Debug|Any CPU.Build.0 = Debug|Any CPU
		{CC59E77A-1843-4293-B7CC-1BC84F79ABB7}.Debug|Mixed Platforms.ActiveCfg = Debug|Any CPU
		{CC59E77A-1843-4293-B7CC-1BC84F79ABB7}.Debug|Mixed Platforms.Build.0 = Debug|Any CPU
		{CC59E77A-1843-4293-B7CC-1BC84F79ABB7}.Debug|x86.ActiveCfg = Debug|Any CPU
		{CC59E77A-1843-4293-B7CC-1BC84F79ABB7}.Release|Any CPU.ActiveCfg = Release|Any CPU
		{CC59E77A-1843-4293-B7CC-1BC84F79ABB7}.Release|Any CPU.Build.0 = Release|Any CPU
		{CC59E77A-1843-4293-B7CC-1BC84F79ABB7}.Release|Mixed Platforms.ActiveCfg = Release|Any CPU
		{CC59E77A-1843-4293-B7CC-1BC84F79ABB7}.Release|Mixed Platforms.Build.0 = Release|Any CPU
		{CC59E77A-1843-4293-B7CC-1BC84F79ABB7}.Release|x86.ActiveCfg = Release|Any CPU
		{82B02BA4-41EC-45EF-8F2A-08B7234A94B3}.Debug|Any CPU.ActiveCfg = Debug|Any CPU
		{82B02BA4-41EC-45EF-8F2A-08B7234A94B3}.Debug|Any CPU.Build.0 = Debug|Any CPU
		{82B02BA4-41EC-45EF-8F2A-08B7234A94B3}.Debug|Mixed Platforms.ActiveCfg = Debug|Any CPU
		{82B02BA4-41EC-45EF-8F2A-08B7234A94B3}.Debug|Mixed Platforms.Build.0 = Debug|Any CPU
		{82B02BA4-41EC-45EF-8F2A-08B7234A94B3}.Debug|x86.ActiveCfg = Debug|Any CPU
		{82B02BA4-41EC-45EF-8F2A-08B7234A94B3}.Release|Any CPU.ActiveCfg = Release|Any CPU
		{82B02BA4-41EC-45EF-8F2A-08B7234A94B3}.Release|Any CPU.Build.0 = Release|Any CPU
		{82B02BA4-41EC-45EF-8F2A-08B7234A94B3}.Release|Mixed Platforms.ActiveCfg = Release|Any CPU
		{82B02BA4-41EC-45EF-8F2A-08B7234A94B3}.Release|Mixed Platforms.Build.0 = Release|Any CPU
		{82B02BA4-41EC-45EF-8F2A-08B7234A94B3}.Release|x86.ActiveCfg = Release|Any CPU
		{C4F2AB9D-B6C3-433F-A67D-A66243A82F77}.Debug|Any CPU.ActiveCfg = Debug|x86
		{C4F2AB9D-B6C3-433F-A67D-A66243A82F77}.Debug|Mixed Platforms.ActiveCfg = Debug|x86
		{C4F2AB9D-B6C3-433F-A67D-A66243A82F77}.Debug|Mixed Platforms.Build.0 = Debug|x86
		{C4F2AB9D-B6C3-433F-A67D-A66243A82F77}.Debug|x86.ActiveCfg = Debug|x86
		{C4F2AB9D-B6C3-433F-A67D-A66243A82F77}.Debug|x86.Build.0 = Debug|x86
		{C4F2AB9D-B6C3-433F-A67D-A66243A82F77}.Release|Any CPU.ActiveCfg = Release|x86
		{C4F2AB9D-B6C3-433F-A67D-A66243A82F77}.Release|Mixed Platforms.ActiveCfg = Release|x86
		{C4F2AB9D-B6C3-433F-A67D-A66243A82F77}.Release|Mixed Platforms.Build.0 = Release|x86
		{C4F2AB9D-B6C3-433F-A67D-A66243A82F77}.Release|x86.ActiveCfg = Release|x86
		{C4F2AB9D-B6C3-433F-A67D-A66243A82F77}.Release|x86.Build.0 = Release|x86
	EndGlobalSection
	GlobalSection(SolutionProperties) = preSolution
		HideSolutionNode = FALSE
	EndGlobalSection
	GlobalSection(NestedProjects) = preSolution
		{2E5D68ED-A92D-4816-BFBF-35795AE39E34} = {15436CA2-A29D-4762-98D9-9E2A5C9CB3E7}
		{7F583FEA-7833-477B-AF8D-7D308FC829BC} = {2E5D68ED-A92D-4816-BFBF-35795AE39E34}
		{EC145571-3ACB-4CA5-9F54-C6A17BE00370} = {2E5D68ED-A92D-4816-BFBF-35795AE39E34}
		{A6CB6254-3CD9-4B9D-AD23-5DDB98198379} = {2E5D68ED-A92D-4816-BFBF-35795AE39E34}
		{03EE4CFF-36B2-44A4-A1DB-04142B390DA4} = {2E5D68ED-A92D-4816-BFBF-35795AE39E34}
		{3D45816B-642B-4AF2-9777-C1603455AB83} = {2E5D68ED-A92D-4816-BFBF-35795AE39E34}
		{344EEF81-1637-4673-819F-7ED5EB46BD69} = {2E5D68ED-A92D-4816-BFBF-35795AE39E34}
		{FA6CD1FE-CB3C-42EB-8818-829FFB6C698B} = {2E5D68ED-A92D-4816-BFBF-35795AE39E34}
		{A84230B5-0D1A-43EF-90A4-EC514F01C42E} = {2E5D68ED-A92D-4816-BFBF-35795AE39E34}
		{7C336D97-ED3E-4CD6-AC90-053F3E5D5077} = {2E5D68ED-A92D-4816-BFBF-35795AE39E34}
		{E8EF2656-7165-42D1-9C46-63E66679808D} = {7F583FEA-7833-477B-AF8D-7D308FC829BC}
		{ADB28C09-8DE9-4006-80D5-74856EB4A48B} = {EC145571-3ACB-4CA5-9F54-C6A17BE00370}
		{74712BA6-83BE-470C-9ED0-879DD1B08D9E} = {A6CB6254-3CD9-4B9D-AD23-5DDB98198379}
		{11A41BAF-44C7-4F4E-9E7C-B9427414AEA6} = {03EE4CFF-36B2-44A4-A1DB-04142B390DA4}
		{4934C525-4BC4-400C-B5C8-E5B6CF7CBF7A} = {3D45816B-642B-4AF2-9777-C1603455AB83}
		{78EECC01-BAE7-4914-BE2D-6BAB1059F29B} = {344EEF81-1637-4673-819F-7ED5EB46BD69}
		{8ABB3CDF-47C4-468E-9C8A-56491C5F1C7D} = {FA6CD1FE-CB3C-42EB-8818-829FFB6C698B}
		{CC59E77A-1843-4293-B7CC-1BC84F79ABB7} = {A84230B5-0D1A-43EF-90A4-EC514F01C42E}
		{35C36D1E-8B03-4E77-B0C7-883BFC1A980D} = {7C336D97-ED3E-4CD6-AC90-053F3E5D5077}
		{44CA933F-0A1B-4AFE-9B12-A416611251A8} = {7C336D97-ED3E-4CD6-AC90-053F3E5D5077}
		{7A6E22BE-C12E-415F-A690-E0F244F5777F} = {7C336D97-ED3E-4CD6-AC90-053F3E5D5077}
		{8DD28C84-8036-4DF2-BBF4-09A20739F4ED} = {7C336D97-ED3E-4CD6-AC90-053F3E5D5077}
	EndGlobalSection
EndGlobal
